[[package]]
category = "main"
description = "a modern parsing library"
name = "lark-parser"
optional = false
python-versions = "*"
version = "0.8.5"

[metadata]
content-hash = "c362b6d9d0de6f4aa1d995254ea764461046a4ab208d3c812dc143e6b0acc4c9"
python-versions = "^3"

[metadata.files]
lark-parser = [
    {file = "lark-parser-0.8.5.tar.gz", hash = "sha256:e3ee17708e310de3a832a9beb448aa60ab6812f1bb283f72d473584c7566cc74"},
    {file = "lark_parser-0.8.5-py2.py3-none-any.whl", hash = "sha256:157879e04628e8e2bd57b72f3ba5642b3919137d5f7058612e95a38fb8761fa7"},
]
